
Microsoft Visual Studio Solution File, Format Version 12.00
# Visual Studio 15
VisualStudioVersion = 15.0.28010.2036
MinimumVisualStudioVersion = 10.0.40219.1
Project("{FAE04EC0-301F-11D3-BF4B-00C04F79EFBC}") = "Stock", "Stock\Stock.csproj", "{DCED2FDF-F3BF-4E01-A912-452B0C76CB58}"
EndProject
Global
	GlobalSection(SolutionConfigurationPlatforms) = preSolution
		Debug|Any CPU = Debug|Any CPU
		Release|Any CPU = Release|Any CPU
	EndGlobalSection
	GlobalSection(ProjectConfigurationPlatforms) = postSolution
		{DCED2FDF-F3BF-4E01-A912-452B0C76CB58}.Debug|Any CPU.ActiveCfg = Debug|Any CPU
		{DCED2FDF-F3BF-4E01-A912-452B0C76CB58}.Debug|Any CPU.Build.0 = Debug|Any CPU
		{DCED2FDF-F3BF-4E01-A912-452B0C76CB58}.Release|Any CPU.ActiveCfg = Release|Any CPU
		{DCED2FDF-F3BF-4E01-A912-452B0C76CB58}.Release|Any CPU.Build.0 = Release|Any CPU
	EndGlobalSection
	GlobalSection(SolutionProperties) = preSolution
		HideSolutionNode = FALSE
	EndGlobalSection
	GlobalSection(ExtensibilityGlobals) = postSolution
		SolutionGuid = {6FCCF144-283C-49D8-810A-897575C3665B}
	EndGlobalSection
EndGlobal
